
Microsoft Visual Studio Solution File, Format Version 12.00
# Visual Studio Version 17
VisualStudioVersion = 17.13.35931.197 d17.13
MinimumVisualStudioVersion = 10.0.40219.1
Project("{FAE04EC0-301F-11D3-BF4B-00C04F79EFBC}") = "CodeGenerator_ConsoleApp", "CodeGenerator_ConsoleApp.csproj", "{0137B1AD-C60B-4C67-AC97-620431DC8640}"
EndProject
Project("{FAE04EC0-301F-11D3-BF4B-00C04F79EFBC}") = "CodeGenerator_Logic", "..\CodeGenerator_Logic\CodeGenerator_Logic.csproj", "{9BC790BF-FA30-479D-A488-C87055FA4726}"
EndProject
Project("{FAE04EC0-301F-11D3-BF4B-00C04F79EFBC}") = "Utilities", "..\..\CS_Utilities\C# Utilities\Utilities.csproj", "{AD0F2CCC-7F18-02E9-72B1-DDF084A5174D}"
EndProject
Global
	GlobalSection(SolutionConfigurationPlatforms) = preSolution
		Debug|Any CPU = Debug|Any CPU
		Release|Any CPU = Release|Any CPU
	EndGlobalSection
	GlobalSection(ProjectConfigurationPlatforms) = postSolution
		{0137B1AD-C60B-4C67-AC97-620431DC8640}.Debug|Any CPU.ActiveCfg = Debug|Any CPU
		{0137B1AD-C60B-4C67-AC97-620431DC8640}.Debug|Any CPU.Build.0 = Debug|Any CPU
		{0137B1AD-C60B-4C67-AC97-620431DC8640}.Release|Any CPU.ActiveCfg = Release|Any CPU
		{0137B1AD-C60B-4C67-AC97-620431DC8640}.Release|Any CPU.Build.0 = Release|Any CPU
		{9BC790BF-FA30-479D-A488-C87055FA4726}.Debug|Any CPU.ActiveCfg = Debug|Any CPU
		{9BC790BF-FA30-479D-A488-C87055FA4726}.Debug|Any CPU.Build.0 = Debug|Any CPU
		{9BC790BF-FA30-479D-A488-C87055FA4726}.Release|Any CPU.ActiveCfg = Release|Any CPU
		{9BC790BF-FA30-479D-A488-C87055FA4726}.Release|Any CPU.Build.0 = Release|Any CPU
		{AD0F2CCC-7F18-02E9-72B1-DDF084A5174D}.Debug|Any CPU.ActiveCfg = Debug|Any CPU
		{AD0F2CCC-7F18-02E9-72B1-DDF084A5174D}.Debug|Any CPU.Build.0 = Debug|Any CPU
		{AD0F2CCC-7F18-02E9-72B1-DDF084A5174D}.Release|Any CPU.ActiveCfg = Release|Any CPU
		{AD0F2CCC-7F18-02E9-72B1-DDF084A5174D}.Release|Any CPU.Build.0 = Release|Any CPU
	EndGlobalSection
	GlobalSection(SolutionProperties) = preSolution
		HideSolutionNode = FALSE
	EndGlobalSection
	GlobalSection(ExtensibilityGlobals) = postSolution
		SolutionGuid = {3630F558-C30B-41A3-9530-554D38C09B62}
	EndGlobalSection
EndGlobal
